
Microsoft Visual Studio Solution File, Format Version 12.00
# Visual Studio Version 17
VisualStudioVersion = 17.11.35208.52
MinimumVisualStudioVersion = 10.0.40219.1
Project("{FAE04EC0-301F-11D3-BF4B-00C04F79EFBC}") = "StudentAssistPlatform", "StudentAssistPlatform\StudentAssistPlatform.csproj", "{635AF4B5-5AC7-4E4D-957A-37896262EA98}"
EndProject
Global
	GlobalSection(SolutionConfigurationPlatforms) = preSolution
		Debug|Any CPU = Debug|Any CPU
		Release|Any CPU = Release|Any CPU
	EndGlobalSection
	GlobalSection(ProjectConfigurationPlatforms) = postSolution
		{635AF4B5-5AC7-4E4D-957A-37896262EA98}.Debug|Any CPU.ActiveCfg = Debug|Any CPU
		{635AF4B5-5AC7-4E4D-957A-37896262EA98}.Debug|Any CPU.Build.0 = Debug|Any CPU
		{635AF4B5-5AC7-4E4D-957A-37896262EA98}.Release|Any CPU.ActiveCfg = Release|Any CPU
		{635AF4B5-5AC7-4E4D-957A-37896262EA98}.Release|Any CPU.Build.0 = Release|Any CPU
	EndGlobalSection
	GlobalSection(SolutionProperties) = preSolution
		HideSolutionNode = FALSE
	EndGlobalSection
	GlobalSection(ExtensibilityGlobals) = postSolution
		SolutionGuid = {8C4D43B5-6795-481F-B5D3-D008C967A7F8}
	EndGlobalSection
EndGlobal
